
Microsoft Visual Studio Solution File, Format Version 12.00
# Visual Studio 15
VisualStudioVersion = 15.0.26403.3
MinimumVisualStudioVersion = 10.0.40219.1
Project("{2150E333-8FDC-42A3-9474-1A3956D46DE8}") = "Solution Items", "Solution Items", "{57F393E3-931F-445E-8A3E-BAA5A770F554}"
	ProjectSection(SolutionItems) = preProject
		LICENSE = LICENSE
	EndProjectSection
EndProject
Project("{2150E333-8FDC-42A3-9474-1A3956D46DE8}") = "Z00_OnlyOneProject", "Z00_OnlyOneProject", "{D8FBBDBC-33BA-4115-BBE5-A884772573A0}"
EndProject
Project("{FAE04EC0-301F-11D3-BF4B-00C04F79EFBC}") = "WpfApplication", "Z00_OnlyOneProject\WpfApplication\WpfApplication.csproj", "{E391EFE6-6EFA-4F5E-90A6-AE42510C6E65}"
EndProject
Project("{2150E333-8FDC-42A3-9474-1A3956D46DE8}") = "Z01_MoveButton", "Z01_MoveButton", "{8C619361-E153-4D9C-A9DC-7CD578047968}"
EndProject
Project("{FAE04EC0-301F-11D3-BF4B-00C04F79EFBC}") = "WpfApplication", "Z01_MoveButton\WpfApplication\WpfApplication.csproj", "{6C02436E-C01C-41C2-8018-A94DB6D9012C}"
EndProject
Project("{FAE04EC0-301F-11D3-BF4B-00C04F79EFBC}") = "PurpleButtonLib", "Z01_MoveButton\PurpleButtonLib\PurpleButtonLib.csproj", "{37728571-A73A-4841-BF97-A941DF735108}"
EndProject
Project("{2150E333-8FDC-42A3-9474-1A3956D46DE8}") = "Z02_Deriving", "Z02_Deriving", "{191BA049-1373-4054-B216-EBF28C99A261}"
EndProject
Project("{FAE04EC0-301F-11D3-BF4B-00C04F79EFBC}") = "PurpleButtonLib", "Z02_Deriving\PurpleButtonLib\PurpleButtonLib.csproj", "{ECD5C936-3504-4028-9515-3B8DB8C42B08}"
EndProject
Project("{FAE04EC0-301F-11D3-BF4B-00C04F79EFBC}") = "WpfApplication", "Z02_Deriving\WpfApplication\WpfApplication.csproj", "{9D7BF247-9EE3-4894-8774-40452EB659EF}"
EndProject
Project("{FAE04EC0-301F-11D3-BF4B-00C04F79EFBC}") = "ClassDiagrams", "ClassDiagrams\ClassDiagrams.csproj", "{237F0CD7-6A61-427E-9A0D-95744CD650AE}"
EndProject
Project("{2150E333-8FDC-42A3-9474-1A3956D46DE8}") = "Z03_Deriving", "Z03_Deriving", "{F0E96E20-2282-48A6-92AC-8E97BD2F9C72}"
EndProject
Project("{FAE04EC0-301F-11D3-BF4B-00C04F79EFBC}") = "PurpleButtonLib", "Z03_Deriving\PurpleButtonLib\PurpleButtonLib.csproj", "{37137750-EF08-4336-8581-BA6687C2082D}"
EndProject
Project("{FAE04EC0-301F-11D3-BF4B-00C04F79EFBC}") = "WpfApplication", "Z03_Deriving\WpfApplication\WpfApplication.csproj", "{8D9D595C-9D89-46F5-9562-638F5ACC180A}"
EndProject
Project("{2150E333-8FDC-42A3-9474-1A3956D46DE8}") = "Z04_Deriving", "Z04_Deriving", "{41AFE9F7-F32D-47B4-A51E-A681B7CD3690}"
EndProject
Project("{FAE04EC0-301F-11D3-BF4B-00C04F79EFBC}") = "PurpleButtonLib", "Z04_Deriving\PurpleButtonLib\PurpleButtonLib.csproj", "{3033178D-6957-471C-B6B5-B0A046667B9E}"
EndProject
Project("{FAE04EC0-301F-11D3-BF4B-00C04F79EFBC}") = "WpfApplication", "Z04_Deriving\WpfApplication\WpfApplication.csproj", "{6E02F8BB-62EF-4186-AE57-560DAC06952A}"
EndProject
Project("{2150E333-8FDC-42A3-9474-1A3956D46DE8}") = "Z05_Deriving", "Z05_Deriving", "{965850E1-B061-448A-8B09-321945382E8F}"
EndProject
Project("{FAE04EC0-301F-11D3-BF4B-00C04F79EFBC}") = "PurpleButtonLib", "Z05_Deriving\PurpleButtonLib\PurpleButtonLib.csproj", "{4577C6FF-3B47-407F-A5C1-CD172B189A63}"
EndProject
Project("{FAE04EC0-301F-11D3-BF4B-00C04F79EFBC}") = "WpfApplication", "Z05_Deriving\WpfApplication\WpfApplication.csproj", "{00F30DB7-E76B-4314-8EF6-AC7A5AAF2228}"
EndProject
Project("{2150E333-8FDC-42A3-9474-1A3956D46DE8}") = "Z06_DependencyProperties", "Z06_DependencyProperties", "{8A9D23AC-B3C8-47E6-AD17-A815F94099DD}"
EndProject
Project("{FAE04EC0-301F-11D3-BF4B-00C04F79EFBC}") = "DependencyProperties", "Z06_DependencyProperties\DependencyProperties\DependencyProperties.csproj", "{808F1153-61B3-4DB0-B167-A2ED1610C91E}"
EndProject
Global
	GlobalSection(SolutionConfigurationPlatforms) = preSolution
		Debug|Any CPU = Debug|Any CPU
		Release|Any CPU = Release|Any CPU
	EndGlobalSection
	GlobalSection(ProjectConfigurationPlatforms) = postSolution
		{E391EFE6-6EFA-4F5E-90A6-AE42510C6E65}.Debug|Any CPU.ActiveCfg = Debug|Any CPU
		{E391EFE6-6EFA-4F5E-90A6-AE42510C6E65}.Debug|Any CPU.Build.0 = Debug|Any CPU
		{E391EFE6-6EFA-4F5E-90A6-AE42510C6E65}.Release|Any CPU.ActiveCfg = Release|Any CPU
		{E391EFE6-6EFA-4F5E-90A6-AE42510C6E65}.Release|Any CPU.Build.0 = Release|Any CPU
		{6C02436E-C01C-41C2-8018-A94DB6D9012C}.Debug|Any CPU.ActiveCfg = Debug|Any CPU
		{6C02436E-C01C-41C2-8018-A94DB6D9012C}.Debug|Any CPU.Build.0 = Debug|Any CPU
		{6C02436E-C01C-41C2-8018-A94DB6D9012C}.Release|Any CPU.ActiveCfg = Release|Any CPU
		{6C02436E-C01C-41C2-8018-A94DB6D9012C}.Release|Any CPU.Build.0 = Release|Any CPU
		{37728571-A73A-4841-BF97-A941DF735108}.Debug|Any CPU.ActiveCfg = Debug|Any CPU
		{37728571-A73A-4841-BF97-A941DF735108}.Debug|Any CPU.Build.0 = Debug|Any CPU
		{37728571-A73A-4841-BF97-A941DF735108}.Release|Any CPU.ActiveCfg = Release|Any CPU
		{37728571-A73A-4841-BF97-A941DF735108}.Release|Any CPU.Build.0 = Release|Any CPU
		{ECD5C936-3504-4028-9515-3B8DB8C42B08}.Debug|Any CPU.ActiveCfg = Debug|Any CPU
		{ECD5C936-3504-4028-9515-3B8DB8C42B08}.Debug|Any CPU.Build.0 = Debug|Any CPU
		{ECD5C936-3504-4028-9515-3B8DB8C42B08}.Release|Any CPU.ActiveCfg = Release|Any CPU
		{ECD5C936-3504-4028-9515-3B8DB8C42B08}.Release|Any CPU.Build.0 = Release|Any CPU
		{9D7BF247-9EE3-4894-8774-40452EB659EF}.Debug|Any CPU.ActiveCfg = Debug|Any CPU
		{9D7BF247-9EE3-4894-8774-40452EB659EF}.Debug|Any CPU.Build.0 = Debug|Any CPU
		{9D7BF247-9EE3-4894-8774-40452EB659EF}.Release|Any CPU.ActiveCfg = Release|Any CPU
		{9D7BF247-9EE3-4894-8774-40452EB659EF}.Release|Any CPU.Build.0 = Release|Any CPU
		{237F0CD7-6A61-427E-9A0D-95744CD650AE}.Debug|Any CPU.ActiveCfg = Debug|Any CPU
		{237F0CD7-6A61-427E-9A0D-95744CD650AE}.Debug|Any CPU.Build.0 = Debug|Any CPU
		{237F0CD7-6A61-427E-9A0D-95744CD650AE}.Release|Any CPU.ActiveCfg = Release|Any CPU
		{237F0CD7-6A61-427E-9A0D-95744CD650AE}.Release|Any CPU.Build.0 = Release|Any CPU
		{37137750-EF08-4336-8581-BA6687C2082D}.Debug|Any CPU.ActiveCfg = Debug|Any CPU
		{37137750-EF08-4336-8581-BA6687C2082D}.Debug|Any CPU.Build.0 = Debug|Any CPU
		{37137750-EF08-4336-8581-BA6687C2082D}.Release|Any CPU.ActiveCfg = Release|Any CPU
		{37137750-EF08-4336-8581-BA6687C2082D}.Release|Any CPU.Build.0 = Release|Any CPU
		{8D9D595C-9D89-46F5-9562-638F5ACC180A}.Debug|Any CPU.ActiveCfg = Debug|Any CPU
		{8D9D595C-9D89-46F5-9562-638F5ACC180A}.Debug|Any CPU.Build.0 = Debug|Any CPU
		{8D9D595C-9D89-46F5-9562-638F5ACC180A}.Release|Any CPU.ActiveCfg = Release|Any CPU
		{8D9D595C-9D89-46F5-9562-638F5ACC180A}.Release|Any CPU.Build.0 = Release|Any CPU
		{3033178D-6957-471C-B6B5-B0A046667B9E}.Debug|Any CPU.ActiveCfg = Debug|Any CPU
		{3033178D-6957-471C-B6B5-B0A046667B9E}.Debug|Any CPU.Build.0 = Debug|Any CPU
		{3033178D-6957-471C-B6B5-B0A046667B9E}.Release|Any CPU.ActiveCfg = Release|Any CPU
		{3033178D-6957-471C-B6B5-B0A046667B9E}.Release|Any CPU.Build.0 = Release|Any CPU
		{6E02F8BB-62EF-4186-AE57-560DAC06952A}.Debug|Any CPU.ActiveCfg = Debug|Any CPU
		{6E02F8BB-62EF-4186-AE57-560DAC06952A}.Debug|Any CPU.Build.0 = Debug|Any CPU
		{6E02F8BB-62EF-4186-AE57-560DAC06952A}.Release|Any CPU.ActiveCfg = Release|Any CPU
		{6E02F8BB-62EF-4186-AE57-560DAC06952A}.Release|Any CPU.Build.0 = Release|Any CPU
		{4577C6FF-3B47-407F-A5C1-CD172B189A63}.Debug|Any CPU.ActiveCfg = Debug|Any CPU
		{4577C6FF-3B47-407F-A5C1-CD172B189A63}.Debug|Any CPU.Build.0 = Debug|Any CPU
		{4577C6FF-3B47-407F-A5C1-CD172B189A63}.Release|Any CPU.ActiveCfg = Release|Any CPU
		{4577C6FF-3B47-407F-A5C1-CD172B189A63}.Release|Any CPU.Build.0 = Release|Any CPU
		{00F30DB7-E76B-4314-8EF6-AC7A5AAF2228}.Debug|Any CPU.ActiveCfg = Debug|Any CPU
		{00F30DB7-E76B-4314-8EF6-AC7A5AAF2228}.Debug|Any CPU.Build.0 = Debug|Any CPU
		{00F30DB7-E76B-4314-8EF6-AC7A5AAF2228}.Release|Any CPU.ActiveCfg = Release|Any CPU
		{00F30DB7-E76B-4314-8EF6-AC7A5AAF2228}.Release|Any CPU.Build.0 = Release|Any CPU
		{808F1153-61B3-4DB0-B167-A2ED1610C91E}.Debug|Any CPU.ActiveCfg = Debug|Any CPU
		{808F1153-61B3-4DB0-B167-A2ED1610C91E}.Debug|Any CPU.Build.0 = Debug|Any CPU
		{808F1153-61B3-4DB0-B167-A2ED1610C91E}.Release|Any CPU.ActiveCfg = Release|Any CPU
		{808F1153-61B3-4DB0-B167-A2ED1610C91E}.Release|Any CPU.Build.0 = Release|Any CPU
	EndGlobalSection
	GlobalSection(SolutionProperties) = preSolution
		HideSolutionNode = FALSE
	EndGlobalSection
	GlobalSection(NestedProjects) = preSolution
		{E391EFE6-6EFA-4F5E-90A6-AE42510C6E65} = {D8FBBDBC-33BA-4115-BBE5-A884772573A0}
		{6C02436E-C01C-41C2-8018-A94DB6D9012C} = {8C619361-E153-4D9C-A9DC-7CD578047968}
		{37728571-A73A-4841-BF97-A941DF735108} = {8C619361-E153-4D9C-A9DC-7CD578047968}
		{ECD5C936-3504-4028-9515-3B8DB8C42B08} = {191BA049-1373-4054-B216-EBF28C99A261}
		{9D7BF247-9EE3-4894-8774-40452EB659EF} = {191BA049-1373-4054-B216-EBF28C99A261}
		{37137750-EF08-4336-8581-BA6687C2082D} = {F0E96E20-2282-48A6-92AC-8E97BD2F9C72}
		{8D9D595C-9D89-46F5-9562-638F5ACC180A} = {F0E96E20-2282-48A6-92AC-8E97BD2F9C72}
		{3033178D-6957-471C-B6B5-B0A046667B9E} = {41AFE9F7-F32D-47B4-A51E-A681B7CD3690}
		{6E02F8BB-62EF-4186-AE57-560DAC06952A} = {41AFE9F7-F32D-47B4-A51E-A681B7CD3690}
		{4577C6FF-3B47-407F-A5C1-CD172B189A63} = {965850E1-B061-448A-8B09-321945382E8F}
		{00F30DB7-E76B-4314-8EF6-AC7A5AAF2228} = {965850E1-B061-448A-8B09-321945382E8F}
		{808F1153-61B3-4DB0-B167-A2ED1610C91E} = {8A9D23AC-B3C8-47E6-AD17-A815F94099DD}
	EndGlobalSection
EndGlobal
